
Microsoft Visual Studio Solution File, Format Version 12.00
# Visual Studio Version 17
VisualStudioVersion = 17.7.34003.232
MinimumVisualStudioVersion = 10.0.40219.1
Project("{FAE04EC0-301F-11D3-BF4B-00C04F79EFBC}") = "FiberTrade1", "FiberTrade1\FiberTrade1.csproj", "{4E6822CF-A11A-440F-916D-EF465B46C1FC}"
EndProject
Project("{FAE04EC0-301F-11D3-BF4B-00C04F79EFBC}") = "FiberTrade1_asterisk", "FiberTrade1_asterisk\FiberTrade1_asterisk.csproj", "{607D8927-285C-4CF0-B94E-DEA1838C5366}"
EndProject
Project("{FAE04EC0-301F-11D3-BF4B-00C04F79EFBC}") = "FiberTrade2", "FiberTrade2\FiberTrade2.csproj", "{116BD38A-870E-49C6-8BD9-CB99AF6DE493}"
EndProject
Global
	GlobalSection(SolutionConfigurationPlatforms) = preSolution
		Debug|Any CPU = Debug|Any CPU
		Release|Any CPU = Release|Any CPU
	EndGlobalSection
	GlobalSection(ProjectConfigurationPlatforms) = postSolution
		{4E6822CF-A11A-440F-916D-EF465B46C1FC}.Debug|Any CPU.ActiveCfg = Debug|Any CPU
		{4E6822CF-A11A-440F-916D-EF465B46C1FC}.Debug|Any CPU.Build.0 = Debug|Any CPU
		{4E6822CF-A11A-440F-916D-EF465B46C1FC}.Release|Any CPU.ActiveCfg = Release|Any CPU
		{4E6822CF-A11A-440F-916D-EF465B46C1FC}.Release|Any CPU.Build.0 = Release|Any CPU
		{607D8927-285C-4CF0-B94E-DEA1838C5366}.Debug|Any CPU.ActiveCfg = Debug|Any CPU
		{607D8927-285C-4CF0-B94E-DEA1838C5366}.Debug|Any CPU.Build.0 = Debug|Any CPU
		{607D8927-285C-4CF0-B94E-DEA1838C5366}.Release|Any CPU.ActiveCfg = Release|Any CPU
		{607D8927-285C-4CF0-B94E-DEA1838C5366}.Release|Any CPU.Build.0 = Release|Any CPU
		{116BD38A-870E-49C6-8BD9-CB99AF6DE493}.Debug|Any CPU.ActiveCfg = Debug|Any CPU
		{116BD38A-870E-49C6-8BD9-CB99AF6DE493}.Debug|Any CPU.Build.0 = Debug|Any CPU
		{116BD38A-870E-49C6-8BD9-CB99AF6DE493}.Release|Any CPU.ActiveCfg = Release|Any CPU
		{116BD38A-870E-49C6-8BD9-CB99AF6DE493}.Release|Any CPU.Build.0 = Release|Any CPU
	EndGlobalSection
	GlobalSection(SolutionProperties) = preSolution
		HideSolutionNode = FALSE
	EndGlobalSection
	GlobalSection(ExtensibilityGlobals) = postSolution
		SolutionGuid = {28B8289D-EA1C-405F-AB0A-EF131AC3E1BC}
	EndGlobalSection
EndGlobal
